
Microsoft Visual Studio Solution File, Format Version 12.00
# Visual Studio Version 17
VisualStudioVersion = 17.14.36401.2 d17.14
MinimumVisualStudioVersion = 10.0.40219.1
Project("{FAE04EC0-301F-11D3-BF4B-00C04F79EFBC}") = "Bna", "Bna\Bna.csproj", "{A1A946B1-4A18-4C77-B3FF-4EF02C6D4BAE}"
EndProject
Global
	GlobalSection(SolutionConfigurationPlatforms) = preSolution
		Debug|Any CPU = Debug|Any CPU
		Release|Any CPU = Release|Any CPU
	EndGlobalSection
	GlobalSection(ProjectConfigurationPlatforms) = postSolution
		{A1A946B1-4A18-4C77-B3FF-4EF02C6D4BAE}.Debug|Any CPU.ActiveCfg = Debug|Any CPU
		{A1A946B1-4A18-4C77-B3FF-4EF02C6D4BAE}.Debug|Any CPU.Build.0 = Debug|Any CPU
		{A1A946B1-4A18-4C77-B3FF-4EF02C6D4BAE}.Release|Any CPU.ActiveCfg = Release|Any CPU
		{A1A946B1-4A18-4C77-B3FF-4EF02C6D4BAE}.Release|Any CPU.Build.0 = Release|Any CPU
	EndGlobalSection
	GlobalSection(SolutionProperties) = preSolution
		HideSolutionNode = FALSE
	EndGlobalSection
	GlobalSection(ExtensibilityGlobals) = postSolution
		SolutionGuid = {D3307C54-35A2-4C15-B5BC-7ED8CF6B91B5}
	EndGlobalSection
EndGlobal
